github.com/alex-shpak/hugo-book v0.0.0-20220426114310-4ef38f3bbf5d h1:6MRB+1yQvA0sUL+zOn+vEUMpexRzVfZIFEIlMYr2Hhk=
github.com/alex-shpak/hugo-book v0.0.0-20220426114310-4ef38f3bbf5d/go.mod h1:L4NMyzbn15fpLIpmmtDg9ZFFyTZzw87/lk7M2bMQ7ds=
github.com/alex-shpak/hugo-book v0.0.0-20220704065554-c02453860408 h1:QCyx5SHuNtMRN9vp9BKpJ2QTK36+v4JmnKvgNT5irx4=
github.com/alex-shpak/hugo-book v0.0.0-20220704065554-c02453860408/go.mod h1:L4NMyzbn15fpLIpmmtDg9ZFFyTZzw87/lk7M2bMQ7ds=
