github.com/alex-shpak/hugo-book v0.0.0-20220426114310-4ef38f3bbf5d h1:6MRB+1yQvA0sUL+zOn+vEUMpexRzVfZIFEIlMYr2Hhk=
github.com/alex-shpak/hugo-book v0.0.0-20220426114310-4ef38f3bbf5d/go.mod h1:L4NMyzbn15fpLIpmmtDg9ZFFyTZzw87/lk7M2bMQ7ds=
github.com/alex-shpak/hugo-book v0.0.0-20220704065554-c02453860408 h1:QCyx5SHuNtMRN9vp9BKpJ2QTK36+v4JmnKvgNT5irx4=
github.com/alex-shpak/hugo-book v0.0.0-20220704065554-c02453860408/go.mod h1:L4NMyzbn15fpLIpmmtDg9ZFFyTZzw87/lk7M2bMQ7ds=
github.com/alex-shpak/hugo-book v0.0.0-20220802105740-317ccae23b73 h1:RC76uULXrG9mfHnYskKc/8L2JRQJFixfBXySfcdOq4k=
github.com/alex-shpak/hugo-book v0.0.0-20220802105740-317ccae23b73/go.mod h1:L4NMyzbn15fpLIpmmtDg9ZFFyTZzw87/lk7M2bMQ7ds=
github.com/alex-shpak/hugo-book v0.0.0-20221111100854-d5b75f4fb3aa h1:VthswmcR+7NtpamidIRuFq+8JRAz4v+s7xVJ0MmeLqM=
github.com/alex-shpak/hugo-book v0.0.0-20221111100854-d5b75f4fb3aa/go.mod h1:L4NMyzbn15fpLIpmmtDg9ZFFyTZzw87/lk7M2bMQ7ds=
github.com/alex-shpak/hugo-book v0.0.0-20230213220505-036e037a63ba h1:GSDZxN4SjTRVylJjVwr2Mnn1oy/e2ngZG9m1ULJ2qFg=
github.com/alex-shpak/hugo-book v0.0.0-20230213220505-036e037a63ba/go.mod h1:L4NMyzbn15fpLIpmmtDg9ZFFyTZzw87/lk7M2bMQ7ds=
github.com/alex-shpak/hugo-book v0.0.0-20230808113920-3f1bcccbfb24 h1:8NjMYBSFTtBLeT1VmpZAZznPOt1OH8aNCnE86sL4p4k=
github.com/alex-shpak/hugo-book v0.0.0-20230808113920-3f1bcccbfb24/go.mod h1:L4NMyzbn15fpLIpmmtDg9ZFFyTZzw87/lk7M2bMQ7ds=
github.com/alex-shpak/hugo-book v0.0.0-20241009212754-7c78a39c531a h1:GiRJQYc9Bt8H59/e0w/97i46Ql39CUIdDQjHikd9scA=
github.com/alex-shpak/hugo-book v0.0.0-20241009212754-7c78a39c531a/go.mod h1:L4NMyzbn15fpLIpmmtDg9ZFFyTZzw87/lk7M2bMQ7ds=
github.com/alex-shpak/hugo-book v0.0.0-20250428224046-9405c4c3d7c7 h1:jD6Fris8nDfS/RQcC3J0IfMxeU9YALMU24T+3YSVfXg=
github.com/alex-shpak/hugo-book v0.0.0-20250428224046-9405c4c3d7c7/go.mod h1:L4NMyzbn15fpLIpmmtDg9ZFFyTZzw87/lk7M2bMQ7ds=
github.com/alex-shpak/hugo-book v0.0.0-20250720104709-92579b2c7217 h1:JuqlCjJLjmLAWMBZVbydMROfL2HMwRf+LtwVF8Q7KvQ=
github.com/alex-shpak/hugo-book v0.0.0-20250720104709-92579b2c7217/go.mod h1:L4NMyzbn15fpLIpmmtDg9ZFFyTZzw87/lk7M2bMQ7ds=
